
Microsoft Visual Studio Solution File, Format Version 12.00
# Visual Studio 15
VisualStudioVersion = 15.0.27703.2018
MinimumVisualStudioVersion = 10.0.40219.1
Project("{FAE04EC0-301F-11D3-BF4B-00C04F79EFBC}") = "Events", "Events\Events.csproj", "{68D8C272-AF14-4322-8EB8-4AEED2DC5EFA}"
EndProject
Project("{FAE04EC0-301F-11D3-BF4B-00C04F79EFBC}") = "Neudesic.Model", "Neudesic.Model\Neudesic.Model.csproj", "{D1907038-56E2-4C54-983A-6F265BB7310B}"
EndProject
Global
	GlobalSection(SolutionConfigurationPlatforms) = preSolution
		Debug|Any CPU = Debug|Any CPU
		Release|Any CPU = Release|Any CPU
	EndGlobalSection
	GlobalSection(ProjectConfigurationPlatforms) = postSolution
		{68D8C272-AF14-4322-8EB8-4AEED2DC5EFA}.Debug|Any CPU.ActiveCfg = Debug|Any CPU
		{68D8C272-AF14-4322-8EB8-4AEED2DC5EFA}.Debug|Any CPU.Build.0 = Debug|Any CPU
		{68D8C272-AF14-4322-8EB8-4AEED2DC5EFA}.Release|Any CPU.ActiveCfg = Release|Any CPU
		{68D8C272-AF14-4322-8EB8-4AEED2DC5EFA}.Release|Any CPU.Build.0 = Release|Any CPU
		{D1907038-56E2-4C54-983A-6F265BB7310B}.Debug|Any CPU.ActiveCfg = Debug|Any CPU
		{D1907038-56E2-4C54-983A-6F265BB7310B}.Debug|Any CPU.Build.0 = Debug|Any CPU
		{D1907038-56E2-4C54-983A-6F265BB7310B}.Release|Any CPU.ActiveCfg = Release|Any CPU
		{D1907038-56E2-4C54-983A-6F265BB7310B}.Release|Any CPU.Build.0 = Release|Any CPU
	EndGlobalSection
	GlobalSection(SolutionProperties) = preSolution
		HideSolutionNode = FALSE
	EndGlobalSection
	GlobalSection(ExtensibilityGlobals) = postSolution
		SolutionGuid = {C88C1E39-9074-4F8B-9CB3-42C87A9254A0}
	EndGlobalSection
EndGlobal
